
Microsoft Visual Studio Solution File, Format Version 12.00
# Visual Studio Version 17
VisualStudioVersion = 17.7.34302.85
MinimumVisualStudioVersion = 10.0.40219.1
Project("{9A19103F-16F7-4668-BE54-9A1E7A4F7556}") = "GreenHouseDashboard", "GreenHouseDashboard\GreenHouseDashboard.csproj", "{2121F1F7-E932-4DF5-A27A-3BDD5FA95F3C}"
EndProject
Project("{9A19103F-16F7-4668-BE54-9A1E7A4F7556}") = "GreenHouseDashboard.DTO", "GreenHouseDashboard.DTO\GreenHouseDashboard.DTO.csproj", "{94259808-6B34-4D6B-9790-7F8D81B46E56}"
EndProject
Project("{FAE04EC0-301F-11D3-BF4B-00C04F79EFBC}") = "GreenHouseDashboard.ServicesInterfaces", "GreenHouseDashboard.ServicesInterfaces\GreenHouseDashboard.ServicesInterfaces.csproj", "{414B311C-0501-4C8F-8776-886E33FE47A9}"
EndProject
Global
	GlobalSection(SolutionConfigurationPlatforms) = preSolution
		Debug|Any CPU = Debug|Any CPU
		Release|Any CPU = Release|Any CPU
	EndGlobalSection
	GlobalSection(ProjectConfigurationPlatforms) = postSolution
		{2121F1F7-E932-4DF5-A27A-3BDD5FA95F3C}.Debug|Any CPU.ActiveCfg = Debug|Any CPU
		{2121F1F7-E932-4DF5-A27A-3BDD5FA95F3C}.Debug|Any CPU.Build.0 = Debug|Any CPU
		{2121F1F7-E932-4DF5-A27A-3BDD5FA95F3C}.Release|Any CPU.ActiveCfg = Release|Any CPU
		{2121F1F7-E932-4DF5-A27A-3BDD5FA95F3C}.Release|Any CPU.Build.0 = Release|Any CPU
		{94259808-6B34-4D6B-9790-7F8D81B46E56}.Debug|Any CPU.ActiveCfg = Debug|Any CPU
		{94259808-6B34-4D6B-9790-7F8D81B46E56}.Debug|Any CPU.Build.0 = Debug|Any CPU
		{94259808-6B34-4D6B-9790-7F8D81B46E56}.Release|Any CPU.ActiveCfg = Release|Any CPU
		{94259808-6B34-4D6B-9790-7F8D81B46E56}.Release|Any CPU.Build.0 = Release|Any CPU
		{414B311C-0501-4C8F-8776-886E33FE47A9}.Debug|Any CPU.ActiveCfg = Debug|Any CPU
		{414B311C-0501-4C8F-8776-886E33FE47A9}.Debug|Any CPU.Build.0 = Debug|Any CPU
		{414B311C-0501-4C8F-8776-886E33FE47A9}.Release|Any CPU.ActiveCfg = Release|Any CPU
		{414B311C-0501-4C8F-8776-886E33FE47A9}.Release|Any CPU.Build.0 = Release|Any CPU
	EndGlobalSection
	GlobalSection(SolutionProperties) = preSolution
		HideSolutionNode = FALSE
	EndGlobalSection
	GlobalSection(ExtensibilityGlobals) = postSolution
		SolutionGuid = {FB94AD78-DB39-4841-B944-1C5FBB13FAB9}
	EndGlobalSection
EndGlobal
